github.com/goji/goji v2.0.2+incompatible h1:Tj92SLCG2tsrUk77FMQ8NNERvTdsgUeX+iE4J5Xw+Jw=
github.com/goji/goji v2.0.2+incompatible/go.mod h1:z5nhnH5eywWZQcFjJ+Ok6dS1qDOWOJaQAoCBnK+eJhQ=
goji.io v2.0.2+incompatible h1:uIssv/elbKRLznFUy3Xj4+2Mz/qKhek/9aZQDUMae7c=
goji.io v2.0.2+incompatible/go.mod h1:sbqFwrtqZACxLBTQcdgVjFh54yGVCvwq8+w49MVMMIk=
